
Microsoft Visual Studio Solution File, Format Version 12.00
# Visual Studio Version 17
VisualStudioVersion = 17.4.33103.184
MinimumVisualStudioVersion = 10.0.40219.1
Project("{9A19103F-16F7-4668-BE54-9A1E7A4F7556}") = "DalFacade", "DalFacade\DalFacade.csproj", "{5A5016CE-7B35-4DFD-BC23-5D90D692FA38}"
EndProject
Project("{9A19103F-16F7-4668-BE54-9A1E7A4F7556}") = "DalList", "DalList\DalList.csproj", "{18103AB0-4F51-4A4D-9DCD-4DD32600E38B}"
EndProject
Project("{9A19103F-16F7-4668-BE54-9A1E7A4F7556}") = "DalTest", "DalTest\DalTest.csproj", "{DD5F3E7C-3B57-4DB9-9B5C-CFD93B938844}"
EndProject
Project("{9A19103F-16F7-4668-BE54-9A1E7A4F7556}") = "Stage0", "Stage0\Stage0.csproj", "{840AE76C-A95B-4DC4-83B5-EAAC7851BC65}"
EndProject
Project("{9A19103F-16F7-4668-BE54-9A1E7A4F7556}") = "BL", "BL\BL.csproj", "{A9A64E6F-957B-45B9-BC41-9EE47F6D84A5}"
EndProject
Project("{9A19103F-16F7-4668-BE54-9A1E7A4F7556}") = "BITest", "BITest\BITest.csproj", "{C877A547-DAE1-4891-AB8B-4EF1D6B005A7}"
EndProject
Project("{9A19103F-16F7-4668-BE54-9A1E7A4F7556}") = "PL", "PL\PL.csproj", "{0BC94FCA-D4C1-4A52-B1A2-AC0A94FF45AF}"
EndProject
Project("{2150E333-8FDC-42A3-9474-1A3956D46DE8}") = "xml", "xml", "{19E4CED8-DA5E-44C5-83FA-3C1D27464253}"
	ProjectSection(SolutionItems) = preProject
		xml\configuration.xml = xml\configuration.xml
		xml\dal-config.xml = xml\dal-config.xml
		xml\OrderItems.xml = xml\OrderItems.xml
		xml\Orders.xml = xml\Orders.xml
		xml\Products.xml = xml\Products.xml
		xml\Users.xml = xml\Users.xml
	EndProjectSection
EndProject
Project("{2150E333-8FDC-42A3-9474-1A3956D46DE8}") = "pics", "pics", "{7CEA50D2-1CDD-49F2-B873-1F59D3A37B97}"
	ProjectSection(SolutionItems) = preProject
		pics\Card.jpg = pics\Card.jpg
		pics\CartImage.jpg = pics\CartImage.jpg
		pics\details.jpg = pics\details.jpg
		pics\heart-coloring-page-18.jpg = pics\heart-coloring-page-18.jpg
		pics\iCON.jpg = pics\iCON.jpg
		pics\image1.jpg = pics\image1.jpg
		pics\Img10000.jpg = pics\Img10000.jpg
		pics\Img10001.jpg = pics\Img10001.jpg
		pics\img10002.jpg = pics\img10002.jpg
		pics\Img10003.jpg = pics\Img10003.jpg
		pics\Img10004.jpg = pics\Img10004.jpg
		pics\Img10005.jpg = pics\Img10005.jpg
		pics\Img10006.jpg = pics\Img10006.jpg
		pics\Img10007.jpg = pics\Img10007.jpg
		pics\Img10008.jpg = pics\Img10008.jpg
		pics\Img10009.jpg = pics\Img10009.jpg
		pics\logo099.jpg = pics\logo099.jpg
		pics\LOGO11.jpg = pics\LOGO11.jpg
		pics\MAN.jpg = pics\MAN.jpg
		pics\NoImag.jpg = pics\NoImag.jpg
		pics\Sargel.jpg = pics\Sargel.jpg
		pics\SHIpping.jpg = pics\SHIpping.jpg
		pics\website-icons_Social-Media_01.png = pics\website-icons_Social-Media_01.png
		pics\אינסטגרם.jpg = pics\אינסטגרם.jpg
		pics\וואצפ.jpeg = pics\וואצפ.jpeg
		pics\מצגת1.jpg = pics\מצגת1.jpg
	EndProjectSection
EndProject
Project("{9A19103F-16F7-4668-BE54-9A1E7A4F7556}") = "DalXml", "DalXml\DalXml.csproj", "{CF19D8B1-858A-4627-9645-F3EE09C90DB6}"
EndProject
Global
	GlobalSection(SolutionConfigurationPlatforms) = preSolution
		Debug|Any CPU = Debug|Any CPU
		Release|Any CPU = Release|Any CPU
	EndGlobalSection
	GlobalSection(ProjectConfigurationPlatforms) = postSolution
		{5A5016CE-7B35-4DFD-BC23-5D90D692FA38}.Debug|Any CPU.ActiveCfg = Debug|Any CPU
		{5A5016CE-7B35-4DFD-BC23-5D90D692FA38}.Debug|Any CPU.Build.0 = Debug|Any CPU
		{5A5016CE-7B35-4DFD-BC23-5D90D692FA38}.Release|Any CPU.ActiveCfg = Release|Any CPU
		{5A5016CE-7B35-4DFD-BC23-5D90D692FA38}.Release|Any CPU.Build.0 = Release|Any CPU
		{18103AB0-4F51-4A4D-9DCD-4DD32600E38B}.Debug|Any CPU.ActiveCfg = Debug|Any CPU
		{18103AB0-4F51-4A4D-9DCD-4DD32600E38B}.Debug|Any CPU.Build.0 = Debug|Any CPU
		{18103AB0-4F51-4A4D-9DCD-4DD32600E38B}.Release|Any CPU.ActiveCfg = Release|Any CPU
		{18103AB0-4F51-4A4D-9DCD-4DD32600E38B}.Release|Any CPU.Build.0 = Release|Any CPU
		{DD5F3E7C-3B57-4DB9-9B5C-CFD93B938844}.Debug|Any CPU.ActiveCfg = Debug|Any CPU
		{DD5F3E7C-3B57-4DB9-9B5C-CFD93B938844}.Debug|Any CPU.Build.0 = Debug|Any CPU
		{DD5F3E7C-3B57-4DB9-9B5C-CFD93B938844}.Release|Any CPU.ActiveCfg = Release|Any CPU
		{DD5F3E7C-3B57-4DB9-9B5C-CFD93B938844}.Release|Any CPU.Build.0 = Release|Any CPU
		{840AE76C-A95B-4DC4-83B5-EAAC7851BC65}.Debug|Any CPU.ActiveCfg = Debug|Any CPU
		{840AE76C-A95B-4DC4-83B5-EAAC7851BC65}.Debug|Any CPU.Build.0 = Debug|Any CPU
		{840AE76C-A95B-4DC4-83B5-EAAC7851BC65}.Release|Any CPU.ActiveCfg = Release|Any CPU
		{840AE76C-A95B-4DC4-83B5-EAAC7851BC65}.Release|Any CPU.Build.0 = Release|Any CPU
		{A9A64E6F-957B-45B9-BC41-9EE47F6D84A5}.Debug|Any CPU.ActiveCfg = Debug|Any CPU
		{A9A64E6F-957B-45B9-BC41-9EE47F6D84A5}.Debug|Any CPU.Build.0 = Debug|Any CPU
		{A9A64E6F-957B-45B9-BC41-9EE47F6D84A5}.Release|Any CPU.ActiveCfg = Release|Any CPU
		{A9A64E6F-957B-45B9-BC41-9EE47F6D84A5}.Release|Any CPU.Build.0 = Release|Any CPU
		{C877A547-DAE1-4891-AB8B-4EF1D6B005A7}.Debug|Any CPU.ActiveCfg = Debug|Any CPU
		{C877A547-DAE1-4891-AB8B-4EF1D6B005A7}.Debug|Any CPU.Build.0 = Debug|Any CPU
		{C877A547-DAE1-4891-AB8B-4EF1D6B005A7}.Release|Any CPU.ActiveCfg = Release|Any CPU
		{C877A547-DAE1-4891-AB8B-4EF1D6B005A7}.Release|Any CPU.Build.0 = Release|Any CPU
		{0BC94FCA-D4C1-4A52-B1A2-AC0A94FF45AF}.Debug|Any CPU.ActiveCfg = Debug|Any CPU
		{0BC94FCA-D4C1-4A52-B1A2-AC0A94FF45AF}.Debug|Any CPU.Build.0 = Debug|Any CPU
		{0BC94FCA-D4C1-4A52-B1A2-AC0A94FF45AF}.Release|Any CPU.ActiveCfg = Release|Any CPU
		{0BC94FCA-D4C1-4A52-B1A2-AC0A94FF45AF}.Release|Any CPU.Build.0 = Release|Any CPU
		{CF19D8B1-858A-4627-9645-F3EE09C90DB6}.Debug|Any CPU.ActiveCfg = Debug|Any CPU
		{CF19D8B1-858A-4627-9645-F3EE09C90DB6}.Debug|Any CPU.Build.0 = Debug|Any CPU
		{CF19D8B1-858A-4627-9645-F3EE09C90DB6}.Release|Any CPU.ActiveCfg = Release|Any CPU
		{CF19D8B1-858A-4627-9645-F3EE09C90DB6}.Release|Any CPU.Build.0 = Release|Any CPU
	EndGlobalSection
	GlobalSection(SolutionProperties) = preSolution
		HideSolutionNode = FALSE
	EndGlobalSection
	GlobalSection(ExtensibilityGlobals) = postSolution
		SolutionGuid = {92E48E16-4BAB-4636-8907-CE13AFF3689F}
	EndGlobalSection
EndGlobal
