
Microsoft Visual Studio Solution File, Format Version 12.00
# Visual Studio Version 17
VisualStudioVersion = 17.3.32929.385
MinimumVisualStudioVersion = 10.0.40219.1
Project("{FAE04EC0-301F-11D3-BF4B-00C04F79EFBC}") = "Stage0", "Stage0\Stage0.csproj", "{F0E71CD1-C48E-4992-A7D7-FCB6D5634B29}"
EndProject
Global
	GlobalSection(SolutionConfigurationPlatforms) = preSolution
		Debug|Any CPU = Debug|Any CPU
		Release|Any CPU = Release|Any CPU
	EndGlobalSection
	GlobalSection(ProjectConfigurationPlatforms) = postSolution
		{F0E71CD1-C48E-4992-A7D7-FCB6D5634B29}.Debug|Any CPU.ActiveCfg = Debug|Any CPU
		{F0E71CD1-C48E-4992-A7D7-FCB6D5634B29}.Debug|Any CPU.Build.0 = Debug|Any CPU
		{F0E71CD1-C48E-4992-A7D7-FCB6D5634B29}.Release|Any CPU.ActiveCfg = Release|Any CPU
		{F0E71CD1-C48E-4992-A7D7-FCB6D5634B29}.Release|Any CPU.Build.0 = Release|Any CPU
	EndGlobalSection
	GlobalSection(SolutionProperties) = preSolution
		HideSolutionNode = FALSE
	EndGlobalSection
	GlobalSection(ExtensibilityGlobals) = postSolution
		SolutionGuid = {08CF1BEA-0D97-4F84-9DA7-74DB8635C503}
	EndGlobalSection
EndGlobal
