
Microsoft Visual Studio Solution File, Format Version 12.00
# Visual Studio Version 17
VisualStudioVersion = 17.4.33103.184
MinimumVisualStudioVersion = 10.0.40219.1
Project("{9A19103F-16F7-4668-BE54-9A1E7A4F7556}") = "DalFacade", "DalFacade\DalFacade.csproj", "{5A5016CE-7B35-4DFD-BC23-5D90D692FA38}"
EndProject
Project("{9A19103F-16F7-4668-BE54-9A1E7A4F7556}") = "DalList", "DalList\DalList.csproj", "{18103AB0-4F51-4A4D-9DCD-4DD32600E38B}"
EndProject
Project("{9A19103F-16F7-4668-BE54-9A1E7A4F7556}") = "DalTest", "DalTest\DalTest.csproj", "{DD5F3E7C-3B57-4DB9-9B5C-CFD93B938844}"
EndProject
Project("{9A19103F-16F7-4668-BE54-9A1E7A4F7556}") = "Stage0", "Stage0\Stage0.csproj", "{840AE76C-A95B-4DC4-83B5-EAAC7851BC65}"
EndProject
Project("{FAE04EC0-301F-11D3-BF4B-00C04F79EFBC}") = "BL", "BL\BL.csproj", "{A9A64E6F-957B-45B9-BC41-9EE47F6D84A5}"
EndProject
Project("{FAE04EC0-301F-11D3-BF4B-00C04F79EFBC}") = "BITest", "BITest\BITest.csproj", "{C877A547-DAE1-4891-AB8B-4EF1D6B005A7}"
EndProject
Global
	GlobalSection(SolutionConfigurationPlatforms) = preSolution
		Debug|Any CPU = Debug|Any CPU
		Release|Any CPU = Release|Any CPU
	EndGlobalSection
	GlobalSection(ProjectConfigurationPlatforms) = postSolution
		{5A5016CE-7B35-4DFD-BC23-5D90D692FA38}.Debug|Any CPU.ActiveCfg = Debug|Any CPU
		{5A5016CE-7B35-4DFD-BC23-5D90D692FA38}.Debug|Any CPU.Build.0 = Debug|Any CPU
		{5A5016CE-7B35-4DFD-BC23-5D90D692FA38}.Release|Any CPU.ActiveCfg = Release|Any CPU
		{5A5016CE-7B35-4DFD-BC23-5D90D692FA38}.Release|Any CPU.Build.0 = Release|Any CPU
		{18103AB0-4F51-4A4D-9DCD-4DD32600E38B}.Debug|Any CPU.ActiveCfg = Debug|Any CPU
		{18103AB0-4F51-4A4D-9DCD-4DD32600E38B}.Debug|Any CPU.Build.0 = Debug|Any CPU
		{18103AB0-4F51-4A4D-9DCD-4DD32600E38B}.Release|Any CPU.ActiveCfg = Release|Any CPU
		{18103AB0-4F51-4A4D-9DCD-4DD32600E38B}.Release|Any CPU.Build.0 = Release|Any CPU
		{DD5F3E7C-3B57-4DB9-9B5C-CFD93B938844}.Debug|Any CPU.ActiveCfg = Debug|Any CPU
		{DD5F3E7C-3B57-4DB9-9B5C-CFD93B938844}.Debug|Any CPU.Build.0 = Debug|Any CPU
		{DD5F3E7C-3B57-4DB9-9B5C-CFD93B938844}.Release|Any CPU.ActiveCfg = Release|Any CPU
		{DD5F3E7C-3B57-4DB9-9B5C-CFD93B938844}.Release|Any CPU.Build.0 = Release|Any CPU
		{840AE76C-A95B-4DC4-83B5-EAAC7851BC65}.Debug|Any CPU.ActiveCfg = Debug|Any CPU
		{840AE76C-A95B-4DC4-83B5-EAAC7851BC65}.Debug|Any CPU.Build.0 = Debug|Any CPU
		{840AE76C-A95B-4DC4-83B5-EAAC7851BC65}.Release|Any CPU.ActiveCfg = Release|Any CPU
		{840AE76C-A95B-4DC4-83B5-EAAC7851BC65}.Release|Any CPU.Build.0 = Release|Any CPU
		{A9A64E6F-957B-45B9-BC41-9EE47F6D84A5}.Debug|Any CPU.ActiveCfg = Debug|Any CPU
		{A9A64E6F-957B-45B9-BC41-9EE47F6D84A5}.Debug|Any CPU.Build.0 = Debug|Any CPU
		{A9A64E6F-957B-45B9-BC41-9EE47F6D84A5}.Release|Any CPU.ActiveCfg = Release|Any CPU
		{A9A64E6F-957B-45B9-BC41-9EE47F6D84A5}.Release|Any CPU.Build.0 = Release|Any CPU
		{C877A547-DAE1-4891-AB8B-4EF1D6B005A7}.Debug|Any CPU.ActiveCfg = Debug|Any CPU
		{C877A547-DAE1-4891-AB8B-4EF1D6B005A7}.Debug|Any CPU.Build.0 = Debug|Any CPU
		{C877A547-DAE1-4891-AB8B-4EF1D6B005A7}.Release|Any CPU.ActiveCfg = Release|Any CPU
		{C877A547-DAE1-4891-AB8B-4EF1D6B005A7}.Release|Any CPU.Build.0 = Release|Any CPU
	EndGlobalSection
	GlobalSection(SolutionProperties) = preSolution
		HideSolutionNode = FALSE
	EndGlobalSection
	GlobalSection(ExtensibilityGlobals) = postSolution
		SolutionGuid = {92E48E16-4BAB-4636-8907-CE13AFF3689F}
	EndGlobalSection
EndGlobal
