
Microsoft Visual Studio Solution File, Format Version 12.00
# Visual Studio Version 17
VisualStudioVersion = 17.3.32929.385
MinimumVisualStudioVersion = 10.0.40219.1
Project("{FAE04EC0-301F-11D3-BF4B-00C04F79EFBC}") = "DalFacade", "DalFaced\DalFacade.csproj", "{DA960CC1-399E-4D68-B2FE-6FC6D589974A}"
EndProject
Project("{FAE04EC0-301F-11D3-BF4B-00C04F79EFBC}") = "DalList", "..\DalList\DalList.csproj", "{6F7EC652-FF42-4DA4-B53E-6F7ADFC643A7}"
EndProject
Project("{FAE04EC0-301F-11D3-BF4B-00C04F79EFBC}") = "DalTest", "..\DalTest\DalTest.csproj", "{7D2F9631-9604-4D93-8C00-09DECB2FEEA9}"
EndProject
Project("{9A19103F-16F7-4668-BE54-9A1E7A4F7556}") = "Stage0", "..\Stage0\Stage0.csproj", "{549AF5E1-F9C3-444C-BF5E-B95DD20D60D4}"
EndProject
Global
	GlobalSection(SolutionConfigurationPlatforms) = preSolution
		Debug|Any CPU = Debug|Any CPU
		Release|Any CPU = Release|Any CPU
	EndGlobalSection
	GlobalSection(ProjectConfigurationPlatforms) = postSolution
		{DA960CC1-399E-4D68-B2FE-6FC6D589974A}.Debug|Any CPU.ActiveCfg = Debug|Any CPU
		{DA960CC1-399E-4D68-B2FE-6FC6D589974A}.Debug|Any CPU.Build.0 = Debug|Any CPU
		{DA960CC1-399E-4D68-B2FE-6FC6D589974A}.Release|Any CPU.ActiveCfg = Release|Any CPU
		{DA960CC1-399E-4D68-B2FE-6FC6D589974A}.Release|Any CPU.Build.0 = Release|Any CPU
		{6F7EC652-FF42-4DA4-B53E-6F7ADFC643A7}.Debug|Any CPU.ActiveCfg = Debug|Any CPU
		{6F7EC652-FF42-4DA4-B53E-6F7ADFC643A7}.Debug|Any CPU.Build.0 = Debug|Any CPU
		{6F7EC652-FF42-4DA4-B53E-6F7ADFC643A7}.Release|Any CPU.ActiveCfg = Release|Any CPU
		{6F7EC652-FF42-4DA4-B53E-6F7ADFC643A7}.Release|Any CPU.Build.0 = Release|Any CPU
		{7D2F9631-9604-4D93-8C00-09DECB2FEEA9}.Debug|Any CPU.ActiveCfg = Debug|Any CPU
		{7D2F9631-9604-4D93-8C00-09DECB2FEEA9}.Debug|Any CPU.Build.0 = Debug|Any CPU
		{7D2F9631-9604-4D93-8C00-09DECB2FEEA9}.Release|Any CPU.ActiveCfg = Release|Any CPU
		{7D2F9631-9604-4D93-8C00-09DECB2FEEA9}.Release|Any CPU.Build.0 = Release|Any CPU
		{549AF5E1-F9C3-444C-BF5E-B95DD20D60D4}.Debug|Any CPU.ActiveCfg = Debug|Any CPU
		{549AF5E1-F9C3-444C-BF5E-B95DD20D60D4}.Debug|Any CPU.Build.0 = Debug|Any CPU
		{549AF5E1-F9C3-444C-BF5E-B95DD20D60D4}.Release|Any CPU.ActiveCfg = Release|Any CPU
		{549AF5E1-F9C3-444C-BF5E-B95DD20D60D4}.Release|Any CPU.Build.0 = Release|Any CPU
	EndGlobalSection
	GlobalSection(SolutionProperties) = preSolution
		HideSolutionNode = FALSE
	EndGlobalSection
	GlobalSection(ExtensibilityGlobals) = postSolution
		SolutionGuid = {029A6874-5BD5-40DC-8EDB-0262FB591CDA}
	EndGlobalSection
EndGlobal
